# This file was autogenerated by Stack.
# You should not edit this file by hand.
# For more information, please see the documentation at:
#   https://docs.haskellstack.org/en/stable/topics/lock_files

packages:
- completed:
    hackage: symtegration-0.6.1@sha256:81ef5c895935f20f08e939a7f0d08ee86dff599793d1026eb1e79f8872348bac,4918
    pantry-tree:
      sha256: 184b919982a40436ec9ecee2c5bd7321fbfeb04d5502be436b6e20843c61de0a
      size: 5060
  original:
    hackage: symtegration-0.6.1
snapshots:
- completed:
    sha256: 1ecd36c6af82cd6940fd16e4ecf40ac6e3844ba8f49873e34f1cf12bd1f9dfb1
    size: 712886
    url: https://raw.githubusercontent.com/commercialhaskell/stackage-snapshots/master/lts/22/10.yaml
  original: lts-22.10
